
Microsoft Visual Studio Solution File, Format Version 12.00
Project("{FAE04EC0-301F-11D3-BF4B-00C04F79EFBC}") = "Transporter.Service", "Transporter.Service.csproj", "{93C79A0A-DA8F-4132-AFA1-7F6A22C57BB0}"
EndProject
Project("{FAE04EC0-301F-11D3-BF4B-00C04F79EFBC}") = "Transporter.Core", "Transporter.Core\Transporter.Core.csproj", "{7815AC49-84BA-4F8F-B203-724B075C9EBE}"
EndProject
Project("{2150E333-8FDC-42A3-9474-1A3956D46DE8}") = "Adapters", "Adapters", "{8838632F-DA8C-418C-9780-D8FE09103B16}"
EndProject
Project("{FAE04EC0-301F-11D3-BF4B-00C04F79EFBC}") = "Transporter.MSSQLAdapter", "Transporter.MSSQLAdapter\Transporter.MSSQLAdapter.csproj", "{983A7445-5B4F-4A1D-A03C-A653C868FD5A}"
EndProject
Project("{FAE04EC0-301F-11D3-BF4B-00C04F79EFBC}") = "Transporter.CouchbaseAdapter", "Transporter.CouchbaseAdapter\Transporter.CouchbaseAdapter.csproj", "{64B2C601-57D4-4981-A99C-778EAFC6F37F}"
EndProject
Project("{FAE04EC0-301F-11D3-BF4B-00C04F79EFBC}") = "Transporter.MSSQLDeleteAdapter", "Transporter.MSSQLDeleteAdapter\Transporter.MSSQLDeleteAdapter.csproj", "{798C08E9-DCCE-421C-AC68-59614D76D597}"
EndProject
Project("{2150E333-8FDC-42A3-9474-1A3956D46DE8}") = "SolutionFolder", "SolutionFolder", "{48CD987C-1D3C-4D33-B5B9-35AFA44EDA6B}"
ProjectSection(SolutionItems) = preProject
	Dockerfile = Dockerfile
EndProjectSection
EndProject
Global
	GlobalSection(SolutionConfigurationPlatforms) = preSolution
		Debug|Any CPU = Debug|Any CPU
		Release|Any CPU = Release|Any CPU
	EndGlobalSection
	GlobalSection(ProjectConfigurationPlatforms) = postSolution
		{93C79A0A-DA8F-4132-AFA1-7F6A22C57BB0}.Debug|Any CPU.ActiveCfg = Debug|Any CPU
		{93C79A0A-DA8F-4132-AFA1-7F6A22C57BB0}.Debug|Any CPU.Build.0 = Debug|Any CPU
		{93C79A0A-DA8F-4132-AFA1-7F6A22C57BB0}.Release|Any CPU.ActiveCfg = Release|Any CPU
		{93C79A0A-DA8F-4132-AFA1-7F6A22C57BB0}.Release|Any CPU.Build.0 = Release|Any CPU
		{7815AC49-84BA-4F8F-B203-724B075C9EBE}.Debug|Any CPU.ActiveCfg = Debug|Any CPU
		{7815AC49-84BA-4F8F-B203-724B075C9EBE}.Debug|Any CPU.Build.0 = Debug|Any CPU
		{7815AC49-84BA-4F8F-B203-724B075C9EBE}.Release|Any CPU.ActiveCfg = Release|Any CPU
		{7815AC49-84BA-4F8F-B203-724B075C9EBE}.Release|Any CPU.Build.0 = Release|Any CPU
		{983A7445-5B4F-4A1D-A03C-A653C868FD5A}.Debug|Any CPU.ActiveCfg = Debug|Any CPU
		{983A7445-5B4F-4A1D-A03C-A653C868FD5A}.Debug|Any CPU.Build.0 = Debug|Any CPU
		{983A7445-5B4F-4A1D-A03C-A653C868FD5A}.Release|Any CPU.ActiveCfg = Release|Any CPU
		{983A7445-5B4F-4A1D-A03C-A653C868FD5A}.Release|Any CPU.Build.0 = Release|Any CPU
		{64B2C601-57D4-4981-A99C-778EAFC6F37F}.Debug|Any CPU.ActiveCfg = Debug|Any CPU
		{64B2C601-57D4-4981-A99C-778EAFC6F37F}.Debug|Any CPU.Build.0 = Debug|Any CPU
		{64B2C601-57D4-4981-A99C-778EAFC6F37F}.Release|Any CPU.ActiveCfg = Release|Any CPU
		{64B2C601-57D4-4981-A99C-778EAFC6F37F}.Release|Any CPU.Build.0 = Release|Any CPU
		{798C08E9-DCCE-421C-AC68-59614D76D597}.Debug|Any CPU.ActiveCfg = Debug|Any CPU
		{798C08E9-DCCE-421C-AC68-59614D76D597}.Debug|Any CPU.Build.0 = Debug|Any CPU
		{798C08E9-DCCE-421C-AC68-59614D76D597}.Release|Any CPU.ActiveCfg = Release|Any CPU
		{798C08E9-DCCE-421C-AC68-59614D76D597}.Release|Any CPU.Build.0 = Release|Any CPU
	EndGlobalSection
	GlobalSection(NestedProjects) = preSolution
		{983A7445-5B4F-4A1D-A03C-A653C868FD5A} = {8838632F-DA8C-418C-9780-D8FE09103B16}
		{64B2C601-57D4-4981-A99C-778EAFC6F37F} = {8838632F-DA8C-418C-9780-D8FE09103B16}
		{798C08E9-DCCE-421C-AC68-59614D76D597} = {8838632F-DA8C-418C-9780-D8FE09103B16}
	EndGlobalSection
EndGlobal
